
Microsoft Visual Studio Solution File, Format Version 12.00
# Visual Studio 2012
Project("{FAE04EC0-301F-11D3-BF4B-00C04F79EFBC}") = "SearchUrl", "SearchUrl\SearchUrl.csproj", "{0F52CC70-B68A-409C-9F8C-2478EFCD0759}"
EndProject
Project("{FAE04EC0-301F-11D3-BF4B-00C04F79EFBC}") = "Platform.Core", "..\..\..\Projects\lokad-data-platform\Platform.Core\Platform.Core.csproj", "{39F04669-CAA7-4F30-8BE2-6CF79F49F2E6}"
EndProject
Project("{FAE04EC0-301F-11D3-BF4B-00C04F79EFBC}") = "UnitTest", "UnitTest\UnitTest.csproj", "{ABBDD6DD-9019-49B9-ADD2-1C5D63487652}"
EndProject
Project("{FAE04EC0-301F-11D3-BF4B-00C04F79EFBC}") = "SearchIndexedPages", "SearchIndexedPages\SearchIndexedPages.csproj", "{81AAB9DB-E290-4ABC-B78E-8FA16F9CDFAE}"
EndProject
Project("{FAE04EC0-301F-11D3-BF4B-00C04F79EFBC}") = "Contract", "Contract\Contract.csproj", "{49008365-564F-4258-A777-A81DC60A53DA}"
EndProject
Project("{FAE04EC0-301F-11D3-BF4B-00C04F79EFBC}") = "Platform.TestClient", "..\..\..\Projects\lokad-data-platform\Platform.TestClient\Platform.TestClient.csproj", "{9366FCEF-4F98-494E-88D0-BB716551C8C0}"
EndProject
Project("{FAE04EC0-301F-11D3-BF4B-00C04F79EFBC}") = "DownloadPageResource", "DownloadPageResource\DownloadPageResource.csproj", "{C21058E2-9676-4CAF-AC6A-D7ED3259CF49}"
EndProject
Global
	GlobalSection(SolutionConfigurationPlatforms) = preSolution
		Debug|Any CPU = Debug|Any CPU
		Release|Any CPU = Release|Any CPU
	EndGlobalSection
	GlobalSection(ProjectConfigurationPlatforms) = postSolution
		{0F52CC70-B68A-409C-9F8C-2478EFCD0759}.Debug|Any CPU.ActiveCfg = Debug|Any CPU
		{0F52CC70-B68A-409C-9F8C-2478EFCD0759}.Debug|Any CPU.Build.0 = Debug|Any CPU
		{0F52CC70-B68A-409C-9F8C-2478EFCD0759}.Release|Any CPU.ActiveCfg = Release|Any CPU
		{0F52CC70-B68A-409C-9F8C-2478EFCD0759}.Release|Any CPU.Build.0 = Release|Any CPU
		{39F04669-CAA7-4F30-8BE2-6CF79F49F2E6}.Debug|Any CPU.ActiveCfg = Debug|Any CPU
		{39F04669-CAA7-4F30-8BE2-6CF79F49F2E6}.Debug|Any CPU.Build.0 = Debug|Any CPU
		{39F04669-CAA7-4F30-8BE2-6CF79F49F2E6}.Release|Any CPU.ActiveCfg = Release|Any CPU
		{39F04669-CAA7-4F30-8BE2-6CF79F49F2E6}.Release|Any CPU.Build.0 = Release|Any CPU
		{ABBDD6DD-9019-49B9-ADD2-1C5D63487652}.Debug|Any CPU.ActiveCfg = Debug|Any CPU
		{ABBDD6DD-9019-49B9-ADD2-1C5D63487652}.Debug|Any CPU.Build.0 = Debug|Any CPU
		{ABBDD6DD-9019-49B9-ADD2-1C5D63487652}.Release|Any CPU.ActiveCfg = Release|Any CPU
		{ABBDD6DD-9019-49B9-ADD2-1C5D63487652}.Release|Any CPU.Build.0 = Release|Any CPU
		{81AAB9DB-E290-4ABC-B78E-8FA16F9CDFAE}.Debug|Any CPU.ActiveCfg = Debug|Any CPU
		{81AAB9DB-E290-4ABC-B78E-8FA16F9CDFAE}.Debug|Any CPU.Build.0 = Debug|Any CPU
		{81AAB9DB-E290-4ABC-B78E-8FA16F9CDFAE}.Release|Any CPU.ActiveCfg = Release|Any CPU
		{81AAB9DB-E290-4ABC-B78E-8FA16F9CDFAE}.Release|Any CPU.Build.0 = Release|Any CPU
		{49008365-564F-4258-A777-A81DC60A53DA}.Debug|Any CPU.ActiveCfg = Debug|Any CPU
		{49008365-564F-4258-A777-A81DC60A53DA}.Debug|Any CPU.Build.0 = Debug|Any CPU
		{49008365-564F-4258-A777-A81DC60A53DA}.Release|Any CPU.ActiveCfg = Release|Any CPU
		{49008365-564F-4258-A777-A81DC60A53DA}.Release|Any CPU.Build.0 = Release|Any CPU
		{9366FCEF-4F98-494E-88D0-BB716551C8C0}.Debug|Any CPU.ActiveCfg = Debug|Any CPU
		{9366FCEF-4F98-494E-88D0-BB716551C8C0}.Debug|Any CPU.Build.0 = Debug|Any CPU
		{9366FCEF-4F98-494E-88D0-BB716551C8C0}.Release|Any CPU.ActiveCfg = Release|Any CPU
		{9366FCEF-4F98-494E-88D0-BB716551C8C0}.Release|Any CPU.Build.0 = Release|Any CPU
		{C21058E2-9676-4CAF-AC6A-D7ED3259CF49}.Debug|Any CPU.ActiveCfg = Debug|Any CPU
		{C21058E2-9676-4CAF-AC6A-D7ED3259CF49}.Debug|Any CPU.Build.0 = Debug|Any CPU
		{C21058E2-9676-4CAF-AC6A-D7ED3259CF49}.Release|Any CPU.ActiveCfg = Release|Any CPU
		{C21058E2-9676-4CAF-AC6A-D7ED3259CF49}.Release|Any CPU.Build.0 = Release|Any CPU
	EndGlobalSection
	GlobalSection(SolutionProperties) = preSolution
		HideSolutionNode = FALSE
	EndGlobalSection
EndGlobal
